// !$*UTF8*$!
{
	archiveVersion = 1;
	classes = {
	};
	objectVersion = 46;
	objects = {

/* Begin PBXBuildFile section */
		1F14DD331F1BCDCF00472839 /* LastSaveViewController.swift in Sources */ = {isa = PBXBuildFile; fileRef = 1F14DD321F1BCDCF00472839 /* LastSaveViewController.swift */; };
		1F2388D21F1A3E4700E30CC1 /* SerieViewController.swift in Sources */ = {isa = PBXBuildFile; fileRef = 1F2388D11F1A3E4700E30CC1 /* SerieViewController.swift */; };
		1FF1FBEB1F196AC40003CADD /* ViewControllerConnexion.swift in Sources */ = {isa = PBXBuildFile; fileRef = 1FF1FBEA1F196AC40003CADD /* ViewControllerConnexion.swift */; };
		1FF916A51F125E3200F92696 /* AppDelegate.swift in Sources */ = {isa = PBXBuildFile; fileRef = 1FF916A41F125E3200F92696 /* AppDelegate.swift */; };
		1FF916A71F125E3200F92696 /* ViewController.swift in Sources */ = {isa = PBXBuildFile; fileRef = 1FF916A61F125E3200F92696 /* ViewController.swift */; };
		1FF916AA1F125E3200F92696 /* Main.storyboard in Resources */ = {isa = PBXBuildFile; fileRef = 1FF916A81F125E3200F92696 /* Main.storyboard */; };
		1FF916AD1F125E3200F92696 /* WorkOut.xcdatamodeld in Sources */ = {isa = PBXBuildFile; fileRef = 1FF916AB1F125E3200F92696 /* WorkOut.xcdatamodeld */; };
		1FF916AF1F125E3200F92696 /* Assets.xcassets in Resources */ = {isa = PBXBuildFile; fileRef = 1FF916AE1F125E3200F92696 /* Assets.xcassets */; };
		1FF916B21F125E3200F92696 /* LaunchScreen.storyboard in Resources */ = {isa = PBXBuildFile; fileRef = 1FF916B01F125E3200F92696 /* LaunchScreen.storyboard */; };
/* End PBXBuildFile section */

/* Begin PBXFileReference section */
		1F14DD321F1BCDCF00472839 /* LastSaveViewController.swift */ = {isa = PBXFileReference; fileEncoding = 4; lastKnownFileType = sourcecode.swift; path = LastSaveViewController.swift; sourceTree = "<group>"; };
		1F2388D11F1A3E4700E30CC1 /* SerieViewController.swift */ = {isa = PBXFileReference; fileEncoding = 4; lastKnownFileType = sourcecode.swift; path = SerieViewController.swift; sourceTree = "<group>"; };
		1FF1FBEA1F196AC40003CADD /* ViewControllerConnexion.swift */ = {isa = PBXFileReference; fileEncoding = 4; lastKnownFileType = sourcecode.swift; path = ViewControllerConnexion.swift; sourceTree = "<group>"; };
		1FF916A11F125E3200F92696 /* WorkOut.app */ = {isa = PBXFileReference; explicitFileType = wrapper.application; includeInIndex = 0; path = WorkOut.app; sourceTree = BUILT_PRODUCTS_DIR; };
		1FF916A41F125E3200F92696 /* AppDelegate.swift */ = {isa = PBXFileReference; lastKnownFileType = sourcecode.swift; path = AppDelegate.swift; sourceTree = "<group>"; };
		1FF916A61F125E3200F92696 /* ViewController.swift */ = {isa = PBXFileReference; lastKnownFileType = sourcecode.swift; path = ViewController.swift; sourceTree = "<group>"; };
		1FF916A91F125E3200F92696 /* Base */ = {isa = PBXFileReference; lastKnownFileType = file.storyboard; name = Base; path = Base.lproj/Main.storyboard; sourceTree = "<group>"; };
		1FF916AC1F125E3200F92696 /* WorkOut.xcdatamodel */ = {isa = PBXFileReference; lastKnownFileType = wrapper.xcdatamodel; path = WorkOut.xcdatamodel; sourceTree = "<group>"; };
		1FF916AE1F125E3200F92696 /* Assets.xcassets */ = {isa = PBXFileReference; lastKnownFileType = folder.assetcatalog; path = Assets.xcassets; sourceTree = "<group>"; };
		1FF916B11F125E3200F92696 /* Base */ = {isa = PBXFileReference; lastKnownFileType = file.storyboard; name = Base; path = Base.lproj/LaunchScreen.storyboard; sourceTree = "<group>"; };
		1FF916B31F125E3200F92696 /* Info.plist */ = {isa = PBXFileReference; lastKnownFileType = text.plist.xml; path = Info.plist; sourceTree = "<group>"; };
/* End PBXFileReference section */

/* Begin PBXFrameworksBuildPhase section */
		1FF9169E1F125E3200F92696 /* Frameworks */ = {
			isa = PBXFrameworksBuildPhase;
			buildActionMask = 2147483647;
			files = (
			);
			runOnlyForDeploymentPostprocessing = 0;
		};
/* End PBXFrameworksBuildPhase section */

/* Begin PBXGroup section */
		1FF916981F125E3200F92696 = {
			isa = PBXGroup;
			children = (
				1FF916A31F125E3200F92696 /* WorkOut */,
				1FF916A21F125E3200F92696 /* Products */,
			);
			sourceTree = "<group>";
		};
		1FF916A21F125E3200F92696 /* Products */ = {
			isa = PBXGroup;
			children = (
				1FF916A11F125E3200F92696 /* WorkOut.app */,
			);
			name = Products;
			sourceTree = "<group>";
		};
		1FF916A31F125E3200F92696 /* WorkOut */ = {
			isa = PBXGroup;
			children = (
				1FF916A41F125E3200F92696 /* AppDelegate.swift */,
				1FF916A61F125E3200F92696 /* ViewController.swift */,
				1FF916A81F125E3200F92696 /* Main.storyboard */,
				1F2388D11F1A3E4700E30CC1 /* SerieViewController.swift */,
				1FF916AE1F125E3200F92696 /* Assets.xcassets */,
				1FF916B01F125E3200F92696 /* LaunchScreen.storyboard */,
				1FF916B31F125E3200F92696 /* Info.plist */,
				1FF916AB1F125E3200F92696 /* WorkOut.xcdatamodeld */,
				1FF1FBEA1F196AC40003CADD /* ViewControllerConnexion.swift */,
				1F14DD321F1BCDCF00472839 /* LastSaveViewController.swift */,
			);
			path = WorkOut;
			sourceTree = "<group>";
		};
/* End PBXGroup section */

/* Begin PBXNativeTarget section */
		1FF916A01F125E3200F92696 /* WorkOut */ = {
			isa = PBXNativeTarget;
			buildConfigurationList = 1FF916B61F125E3200F92696 /* Build configuration list for PBXNativeTarget "WorkOut" */;
			buildPhases = (
				1FF9169D1F125E3200F92696 /* Sources */,
				1FF9169E1F125E3200F92696 /* Frameworks */,
				1FF9169F1F125E3200F92696 /* Resources */,
			);
			buildRules = (
			);
			dependencies = (
			);
			name = WorkOut;
			productName = WorkOut;
			productReference = 1FF916A11F125E3200F92696 /* WorkOut.app */;
			productType = "com.apple.product-type.application";
		};
/* End PBXNativeTarget section */

/* Begin PBXProject section */
		1FF916991F125E3200F92696 /* Project object */ = {
			isa = PBXProject;
			attributes = {
				LastSwiftUpdateCheck = 0830;
				LastUpgradeCheck = 0830;
				ORGANIZATIONNAME = Jeff;
				TargetAttributes = {
					1FF916A01F125E3200F92696 = {
						CreatedOnToolsVersion = 8.3.3;
						DevelopmentTeam = Z52VDAXQLX;
						ProvisioningStyle = Automatic;
					};
				};
			};
			buildConfigurationList = 1FF9169C1F125E3200F92696 /* Build configuration list for PBXProject "WorkOut" */;
			compatibilityVersion = "Xcode 3.2";
			developmentRegion = English;
			hasScannedForEncodings = 0;
			knownRegions = (
				en,
				Base,
			);
			mainGroup = 1FF916981F125E3200F92696;
			productRefGroup = 1FF916A21F125E3200F92696 /* Products */;
			projectDirPath = "";
			projectRoot = "";
			targets = (
				1FF916A01F125E3200F92696 /* WorkOut */,
			);
		};
/* End PBXProject section */

/* Begin PBXResourcesBuildPhase section */
		1FF9169F1F125E3200F92696 /* Resources */ = {
			isa = PBXResourcesBuildPhase;
			buildActionMask = 2147483647;
			files = (
				1FF916B21F125E3200F92696 /* LaunchScreen.storyboard in Resources */,
				1FF916AF1F125E3200F92696 /* Assets.xcassets in Resources */,
				1FF916AA1F125E3200F92696 /* Main.storyboard in Resources */,
			);
			runOnlyForDeploymentPostprocessing = 0;
		};
/* End PBXResourcesBuildPhase section */

/* Begin PBXSourcesBuildPhase section */
		1FF9169D1F125E3200F92696 /* Sources */ = {
			isa = PBXSourcesBuildPhase;
			buildActionMask = 2147483647;
			files = (
				1FF1FBEB1F196AC40003CADD /* ViewControllerConnexion.swift in Sources */,
				1F2388D21F1A3E4700E30CC1 /* SerieViewController.swift in Sources */,
				1FF916AD1F125E3200F92696 /* WorkOut.xcdatamodeld in Sources */,
				1FF916A71F125E3200F92696 /* ViewController.swift in Sources */,
				1FF916A51F125E3200F92696 /* AppDelegate.swift in Sources */,
				1F14DD331F1BCDCF00472839 /* LastSaveViewController.swift in Sources */,
			);
			runOnlyForDeploymentPostprocessing = 0;
		};
/* End PBXSourcesBuildPhase section */

/* Begin PBXVariantGroup section */
		1FF916A81F125E3200F92696 /* Main.storyboard */ = {
			isa = PBXVariantGroup;
			children = (
				1FF916A91F125E3200F92696 /* Base */,
			);
			name = Main.storyboard;
			sourceTree = "<group>";
		};
		1FF916B01F125E3200F92696 /* LaunchScreen.storyboard */ = {
			isa = PBXVariantGroup;
			children = (
				1FF916B11F125E3200F92696 /* Base */,
			);
			name = LaunchScreen.storyboard;
			sourceTree = "<group>";
		};
/* End PBXVariantGroup section */

/* Begin XCBuildConfiguration section */
		1FF916B41F125E3200F92696 /* Debug */ = {
			isa = XCBuildConfiguration;
			buildSettings = {
				ALWAYS_SEARCH_USER_PATHS = NO;
				CLANG_ANALYZER_NONNULL = YES;
				CLANG_ANALYZER_NUMBER_OBJECT_CONVERSION = YES_AGGRESSIVE;
				CLANG_CXX_LANGUAGE_STANDARD = "gnu++0x";
				CLANG_CXX_LIBRARY = "libc++";
				CLANG_ENABLE_MODULES = YES;
				CLANG_ENABLE_OBJC_ARC = YES;
				CLANG_WARN_BOOL_CONVERSION = YES;
				CLANG_WARN_CONSTANT_CONVERSION = YES;
				CLANG_WARN_DIRECT_OBJC_ISA_USAGE = YES_ERROR;
				CLANG_WARN_DOCUMENTATION_COMMENTS = YES;
				CLANG_WARN_EMPTY_BODY = YES;
				CLANG_WARN_ENUM_CONVERSION = YES;
				CLANG_WARN_INFINITE_RECURSION = YES;
				CLANG_WARN_INT_CONVERSION = YES;
				CLANG_WARN_OBJC_ROOT_CLASS = YES_ERROR;
				CLANG_WARN_SUSPICIOUS_MOVE = YES;
				CLANG_WARN_UNREACHABLE_CODE = YES;
				CLANG_WARN__DUPLICATE_METHOD_MATCH = YES;
				"CODE_SIGN_IDENTITY[sdk=iphoneos*]" = "iPhone Developer";
				COPY_PHASE_STRIP = NO;
				DEBUG_INFORMATION_FORMAT = dwarf;
				ENABLE_STRICT_OBJC_MSGSEND = YES;
				ENABLE_TESTABILITY = YES;
				GCC_C_LANGUAGE_STANDARD = gnu99;
				GCC_DYNAMIC_NO_PIC = NO;
				GCC_NO_COMMON_BLOCKS = YES;
				GCC_OPTIMIZATION_LEVEL = 0;
				GCC_PREPROCESSOR_DEFINITIONS = (
					"DEBUG=1",
					"$(inherited)",
				);
				GCC_WARN_64_TO_32_BIT_CONVERSION = YES;
				GCC_WARN_ABOUT_RETURN_TYPE = YES_ERROR;
				GCC_WARN_UNDECLARED_SELECTOR = YES;
				GCC_WARN_UNINITIALIZED_AUTOS = YES_AGGRESSIVE;
				GCC_WARN_UNUSED_FUNCTION = YES;
				GCC_WARN_UNUSED_VARIABLE = YES;
				IPHONEOS_DEPLOYMENT_TARGET = 10.3;
				MTL_ENABLE_DEBUG_INFO = YES;
				ONLY_ACTIVE_ARCH = YES;
				SDKROOT = iphoneos;
				SWIFT_ACTIVE_COMPILATION_CONDITIONS = DEBUG;
				SWIFT_OPTIMIZATION_LEVEL = "-Onone";
				TARGETED_DEVICE_FAMILY = "1,2";
			};
			name = Debug;
		};
		1FF916B51F125E3200F92696 /* Release */ = {
			isa = XCBuildConfiguration;
			buildSettings = {
				ALWAYS_SEARCH_USER_PATHS = NO;
				CLANG_ANALYZER_NONNULL = YES;
				CLANG_ANALYZER_NUMBER_OBJECT_CONVERSION = YES_AGGRESSIVE;
				CLANG_CXX_LANGUAGE_STANDARD = "gnu++0x";
				CLANG_CXX_LIBRARY = "libc++";
				CLANG_ENABLE_MODULES = YES;
				CLANG_ENABLE_OBJC_ARC = YES;
				CLANG_WARN_BOOL_CONVERSION = YES;
				CLANG_WARN_CONSTANT_CONVERSION = YES;
				CLANG_WARN_DIRECT_OBJC_ISA_USAGE = YES_ERROR;
				CLANG_WARN_DOCUMENTATION_COMMENTS = YES;
				CLANG_WARN_EMPTY_BODY = YES;
				CLANG_WARN_ENUM_CONVERSION = YES;
				CLANG_WARN_INFINITE_RECURSION = YES;
				CLANG_WARN_INT_CONVERSION = YES;
				CLANG_WARN_OBJC_ROOT_CLASS = YES_ERROR;
				CLANG_WARN_SUSPICIOUS_MOVE = YES;
				CLANG_WARN_UNREACHABLE_CODE = YES;
				CLANG_WARN__DUPLICATE_METHOD_MATCH = YES;
				"CODE_SIGN_IDENTITY[sdk=iphoneos*]" = "iPhone Developer";
				COPY_PHASE_STRIP = NO;
				DEBUG_INFORMATION_FORMAT = "dwarf-with-dsym";
				ENABLE_NS_ASSERTIONS = NO;
				ENABLE_STRICT_OBJC_MSGSEND = YES;
				GCC_C_LANGUAGE_STANDARD = gnu99;
				GCC_NO_COMMON_BLOCKS = YES;
				GCC_WARN_64_TO_32_BIT_CONVERSION = YES;
				GCC_WARN_ABOUT_RETURN_TYPE = YES_ERROR;
				GCC_WARN_UNDECLARED_SELECTOR = YES;
				GCC_WARN_UNINITIALIZED_AUTOS = YES_AGGRESSIVE;
				GCC_WARN_UNUSED_FUNCTION = YES;
				GCC_WARN_UNUSED_VARIABLE = YES;
				IPHONEOS_DEPLOYMENT_TARGET = 10.3;
				MTL_ENABLE_DEBUG_INFO = NO;
				SDKROOT = iphoneos;
				SWIFT_OPTIMIZATION_LEVEL = "-Owholemodule";
				TARGETED_DEVICE_FAMILY = "1,2";
				VALIDATE_PRODUCT = YES;
			};
			name = Release;
		};
		1FF916B71F125E3200F92696 /* Debug */ = {
			isa = XCBuildConfiguration;
			buildSettings = {
				ASSETCATALOG_COMPILER_APPICON_NAME = AppIcon;
				DEVELOPMENT_TEAM = Z52VDAXQLX;
				INFOPLIST_FILE = WorkOut/Info.plist;
				LD_RUNPATH_SEARCH_PATHS = "$(inherited) @executable_path/Frameworks";
				PRODUCT_BUNDLE_IDENTIFIER = com.example.WorkOut;
				PRODUCT_NAME = "$(TARGET_NAME)";
				SWIFT_VERSION = 3.0;
			};
			name = Debug;
		};
		1FF916B81F125E3200F92696 /* Release */ = {
			isa = XCBuildConfiguration;
			buildSettings = {
				ASSETCATALOG_COMPILER_APPICON_NAME = AppIcon;
				DEVELOPMENT_TEAM = Z52VDAXQLX;
				INFOPLIST_FILE = WorkOut/Info.plist;
				LD_RUNPATH_SEARCH_PATHS = "$(inherited) @executable_path/Frameworks";
				PRODUCT_BUNDLE_IDENTIFIER = com.example.WorkOut;
				PRODUCT_NAME = "$(TARGET_NAME)";
				SWIFT_VERSION = 3.0;
			};
			name = Release;
		};
/* End XCBuildConfiguration section */

/* Begin XCConfigurationList section */
		1FF9169C1F125E3200F92696 /* Build configuration list for PBXProject "WorkOut" */ = {
			isa = XCConfigurationList;
			buildConfigurations = (
				1FF916B41F125E3200F92696 /* Debug */,
				1FF916B51F125E3200F92696 /* Release */,
			);
			defaultConfigurationIsVisible = 0;
			defaultConfigurationName = Release;
		};
		1FF916B61F125E3200F92696 /* Build configuration list for PBXNativeTarget "WorkOut" */ = {
			isa = XCConfigurationList;
			buildConfigurations = (
				1FF916B71F125E3200F92696 /* Debug */,
				1FF916B81F125E3200F92696 /* Release */,
			);
			defaultConfigurationIsVisible = 0;
			defaultConfigurationName = Release;
		};
/* End XCConfigurationList section */

/* Begin XCVersionGroup section */
		1FF916AB1F125E3200F92696 /* WorkOut.xcdatamodeld */ = {
			isa = XCVersionGroup;
			children = (
				1FF916AC1F125E3200F92696 /* WorkOut.xcdatamodel */,
			);
			currentVersion = 1FF916AC1F125E3200F92696 /* WorkOut.xcdatamodel */;
			path = WorkOut.xcdatamodeld;
			sourceTree = "<group>";
			versionGroupType = wrapper.xcdatamodel;
		};
/* End XCVersionGroup section */
	};
	rootObject = 1FF916991F125E3200F92696 /* Project object */;
}
